
Microsoft Visual Studio Solution File, Format Version 12.00
# Visual Studio Express 2012 for Windows Desktop
Project("{FAE04EC0-301F-11D3-BF4B-00C04F79EFBC}") = "SpaceCommand", "SpaceCommand\SpaceCommand.csproj", "{B5471BA0-449C-47F2-9AA2-09AEAF138AA2}"
EndProject
Project("{FAE04EC0-301F-11D3-BF4B-00C04F79EFBC}") = "AIChallenge", "AIChallenge\AIChallenge.csproj", "{84CD096E-E518-4DEB-B45F-14500EAE08C5}"
	ProjectSection(ProjectDependencies) = postProject
		{B5471BA0-449C-47F2-9AA2-09AEAF138AA2} = {B5471BA0-449C-47F2-9AA2-09AEAF138AA2}
	EndProjectSection
EndProject
Global
	GlobalSection(SolutionConfigurationPlatforms) = preSolution
		Debug|Any CPU = Debug|Any CPU
		Release|Any CPU = Release|Any CPU
	EndGlobalSection
	GlobalSection(ProjectConfigurationPlatforms) = postSolution
		{B5471BA0-449C-47F2-9AA2-09AEAF138AA2}.Debug|Any CPU.ActiveCfg = Debug|Any CPU
		{B5471BA0-449C-47F2-9AA2-09AEAF138AA2}.Debug|Any CPU.Build.0 = Debug|Any CPU
		{B5471BA0-449C-47F2-9AA2-09AEAF138AA2}.Release|Any CPU.ActiveCfg = Release|Any CPU
		{B5471BA0-449C-47F2-9AA2-09AEAF138AA2}.Release|Any CPU.Build.0 = Release|Any CPU
		{84CD096E-E518-4DEB-B45F-14500EAE08C5}.Debug|Any CPU.ActiveCfg = Debug|Any CPU
		{84CD096E-E518-4DEB-B45F-14500EAE08C5}.Debug|Any CPU.Build.0 = Debug|Any CPU
		{84CD096E-E518-4DEB-B45F-14500EAE08C5}.Release|Any CPU.ActiveCfg = Release|Any CPU
		{84CD096E-E518-4DEB-B45F-14500EAE08C5}.Release|Any CPU.Build.0 = Release|Any CPU
	EndGlobalSection
	GlobalSection(SolutionProperties) = preSolution
		HideSolutionNode = FALSE
	EndGlobalSection
EndGlobal
